
Microsoft Visual Studio Solution File, Format Version 12.00
# Visual Studio 15
VisualStudioVersion = 15.0.27703.2047
MinimumVisualStudioVersion = 10.0.40219.1
Project("{888888A0-9F3D-457C-B088-3A5042F75D52}") = "TutorialsCustom", "TutorialsCustom\TutorialsCustom.pyproj", "{E7D3AB15-092E-47F8-AABD-DA287B560075}"
EndProject
Global
	GlobalSection(SolutionConfigurationPlatforms) = preSolution
		Debug|Any CPU = Debug|Any CPU
		Release|Any CPU = Release|Any CPU
	EndGlobalSection
	GlobalSection(ProjectConfigurationPlatforms) = postSolution
		{E7D3AB15-092E-47F8-AABD-DA287B560075}.Debug|Any CPU.ActiveCfg = Debug|Any CPU
		{E7D3AB15-092E-47F8-AABD-DA287B560075}.Release|Any CPU.ActiveCfg = Release|Any CPU
	EndGlobalSection
	GlobalSection(SolutionProperties) = preSolution
		HideSolutionNode = FALSE
	EndGlobalSection
	GlobalSection(ExtensibilityGlobals) = postSolution
		SolutionGuid = {5FE76176-9F4B-4EED-BD02-0689FE89A871}
	EndGlobalSection
EndGlobal
